
Microsoft Visual Studio Solution File, Format Version 12.00
# Visual Studio Version 17
VisualStudioVersion = 17.11.35222.181
MinimumVisualStudioVersion = 10.0.40219.1
Project("{888888A0-9F3D-457C-B088-3A5042F75D52}") = "app", "app\app.pyproj", "{28462662-7E54-42D9-87DE-1410CC5A13A6}"
EndProject
Global
	GlobalSection(SolutionConfigurationPlatforms) = preSolution
		Debug|Any CPU = Debug|Any CPU
		Release|Any CPU = Release|Any CPU
	EndGlobalSection
	GlobalSection(ProjectConfigurationPlatforms) = postSolution
		{28462662-7E54-42D9-87DE-1410CC5A13A6}.Debug|Any CPU.ActiveCfg = Debug|Any CPU
		{28462662-7E54-42D9-87DE-1410CC5A13A6}.Release|Any CPU.ActiveCfg = Release|Any CPU
	EndGlobalSection
	GlobalSection(SolutionProperties) = preSolution
		HideSolutionNode = FALSE
	EndGlobalSection
	GlobalSection(ExtensibilityGlobals) = postSolution
		SolutionGuid = {DCCDE4BB-81B5-45E8-848C-7F4B6DAE0B28}
	EndGlobalSection
EndGlobal
